
Microsoft Visual Studio Solution File, Format Version 12.00
# Visual Studio Version 17
VisualStudioVersion = 17.5.002.0
MinimumVisualStudioVersion = 10.0.40219.1
Project("{9A19103F-16F7-4668-BE54-9A1E7A4F7556}") = "DistanceCalculatorApi", "DistanceCalculatorApi\DistanceCalculatorApi.csproj", "{A0503BB6-BE89-48A8-B2E5-5D76CAD95365}"
EndProject
Project("{9A19103F-16F7-4668-BE54-9A1E7A4F7556}") = "DistanceCalculatorTest", "DistanceCalculatorTest\DistanceCalculatorTest.csproj", "{7C31B356-852F-4D44-AB12-DCA8F810F205}"
EndProject
Global
	GlobalSection(SolutionConfigurationPlatforms) = preSolution
		Debug|Any CPU = Debug|Any CPU
		Release|Any CPU = Release|Any CPU
	EndGlobalSection
	GlobalSection(ProjectConfigurationPlatforms) = postSolution
		{A0503BB6-BE89-48A8-B2E5-5D76CAD95365}.Debug|Any CPU.ActiveCfg = Debug|Any CPU
		{A0503BB6-BE89-48A8-B2E5-5D76CAD95365}.Debug|Any CPU.Build.0 = Debug|Any CPU
		{A0503BB6-BE89-48A8-B2E5-5D76CAD95365}.Release|Any CPU.ActiveCfg = Release|Any CPU
		{A0503BB6-BE89-48A8-B2E5-5D76CAD95365}.Release|Any CPU.Build.0 = Release|Any CPU
		{7C31B356-852F-4D44-AB12-DCA8F810F205}.Debug|Any CPU.ActiveCfg = Debug|Any CPU
		{7C31B356-852F-4D44-AB12-DCA8F810F205}.Debug|Any CPU.Build.0 = Debug|Any CPU
		{7C31B356-852F-4D44-AB12-DCA8F810F205}.Release|Any CPU.ActiveCfg = Release|Any CPU
		{7C31B356-852F-4D44-AB12-DCA8F810F205}.Release|Any CPU.Build.0 = Release|Any CPU
	EndGlobalSection
	GlobalSection(SolutionProperties) = preSolution
		HideSolutionNode = FALSE
	EndGlobalSection
	GlobalSection(ExtensibilityGlobals) = postSolution
		SolutionGuid = {2B0434A4-A539-4043-A035-647979EE0834}
	EndGlobalSection
EndGlobal
